<?xml version="1.0" encoding="utf-8"?>
<Project ToolsVersion="4.0" xmlns="http://schemas.microsoft.com/developer/msbuild/2003">
  <ItemGroup>
    <Filter Include="Source Files">
      <UniqueIdentifier>{4FC737F1-C7A5-4376-A066-2A32D752A2FF}</UniqueIdentifier>
      <Extensions>cpp;c;cc;cxx;def;odl;idl;hpj;bat;asm;asmx</Extensions>
    </Filter>
    <Filter Include="Header Files">
      <UniqueIdentifier>{93995380-89BD-4b04-88EB-625FBE52EBFB}</UniqueIdentifier>
      <Extensions>h;hh;hpp;hxx;hm;inl;inc;xsd</Extensions>
    </Filter>
    <Filter Include="Resource Files">
      <UniqueIdentifier>{67DA6AB6-F800-4c08-8B7A-83BB121AAD01}</UniqueIdentifier>
      <Extensions>rc;ico;cur;bmp;dlg;rc2;rct;bin;rgs;gif;jpg;jpeg;jpe;resx;tiff;tif;png;wav;mfcribbon-ms</Extensions>
    </Filter>
    <Filter Include="Objects">
      <UniqueIdentifier>{279e92d5-c0d9-47ba-8345-d4bb68378038}</UniqueIdentifier>
    </Filter>
    <Filter Include="Objects\Enemies">
      <UniqueIdentifier>{cbce5d7f-0560-46e3-9ae9-bd630bd13bad}</UniqueIdentifier>
    </Filter>
    <Filter Include="Header Files\SpacePartitioning">
      <UniqueIdentifier>{87009565-d362-411c-9186-bdf8446f4a9c}</UniqueIdentifier>
    </Filter>
  </ItemGroup>
  <ItemGroup>
    <ClInclude Include="debug.h">
      <Filter>Header Files</Filter>
    </ClInclude>
    <ClInclude Include="Game.h">
      <Filter>Header Files</Filter>
    </ClInclude>
    <ClInclude Include="GameObject.h">
      <Filter>Header Files</Filter>
    </ClInclude>
    <ClInclude Include="Sprites.h">
      <Filter>Header Files</Filter>
    </ClInclude>
    <ClInclude Include="Textures.h">
      <Filter>Header Files</Filter>
    </ClInclude>
    <ClInclude Include="Define.h">
      <Filter>Header Files</Filter>
    </ClInclude>
    <ClInclude Include="Input.h">
      <Filter>Header Files</Filter>
    </ClInclude>
    <ClInclude Include="KeyEventHandler.h">
      <Filter>Header Files</Filter>
    </ClInclude>
    <ClInclude Include="Scene.h">
      <Filter>Header Files</Filter>
    </ClInclude>
    <ClInclude Include="PlayScene.h">
      <Filter>Header Files</Filter>
    </ClInclude>
    <ClInclude Include="Utils.h">
      <Filter>Header Files</Filter>
    </ClInclude>
    <ClInclude Include="Animations.h">
      <Filter>Header Files</Filter>
    </ClInclude>
    <ClInclude Include="Candle.h">
      <Filter>Objects</Filter>
    </ClInclude>
    <ClInclude Include="Simon.h">
      <Filter>Objects</Filter>
    </ClInclude>
    <ClInclude Include="Portal.h">
      <Filter>Objects</Filter>
    </ClInclude>
    <ClInclude Include="Ground.h">
      <Filter>Objects</Filter>
    </ClInclude>
    <ClInclude Include="Whip.h">
      <Filter>Objects</Filter>
    </ClInclude>
    <ClInclude Include="Goomba.h">
      <Filter>Objects</Filter>
    </ClInclude>
    <ClInclude Include="Item.h">
      <Filter>Objects</Filter>
    </ClInclude>
    <ClInclude Include="Tilemap.h">
      <Filter>Objects</Filter>
    </ClInclude>
    <ClInclude Include="Weapon.h">
      <Filter>Objects</Filter>
    </ClInclude>
    <ClInclude Include="HeadUpDisplay.h">
      <Filter>Objects</Filter>
    </ClInclude>
    <ClInclude Include="DownStair.h">
      <Filter>Objects</Filter>
    </ClInclude>
    <ClInclude Include="UpStair.h">
      <Filter>Objects</Filter>
    </ClInclude>
    <ClInclude Include="BlackKnight.h">
      <Filter>Objects\Enemies</Filter>
    </ClInclude>
    <ClInclude Include="VampireBat.h">
      <Filter>Objects\Enemies</Filter>
    </ClInclude>
    <ClInclude Include="SmallCandle.h">
      <Filter>Objects</Filter>
    </ClInclude>
    <ClInclude Include="Elevator.h">
      <Filter>Objects</Filter>
    </ClInclude>
    <ClInclude Include="Ghost.h">
      <Filter>Objects\Enemies</Filter>
    </ClInclude>
    <ClInclude Include="Fleaman.h">
      <Filter>Objects\Enemies</Filter>
    </ClInclude>
    <ClInclude Include="Raven.h">
      <Filter>Objects\Enemies</Filter>
    </ClInclude>
    <ClInclude Include="Skeleton.h">
      <Filter>Objects\Enemies</Filter>
    </ClInclude>
    <ClInclude Include="Zombie.h">
      <Filter>Objects\Enemies</Filter>
    </ClInclude>
    <ClInclude Include="Boss.h">
      <Filter>Objects\Enemies</Filter>
    </ClInclude>
    <ClInclude Include="Grid.h">
      <Filter>Header Files\SpacePartitioning</Filter>
    </ClInclude>
    <ClInclude Include="Cell.h">
      <Filter>Header Files\SpacePartitioning</Filter>
    </ClInclude>
  </ItemGroup>
  <ItemGroup>
    <ClCompile Include="debug.cpp">
      <Filter>Source Files</Filter>
    </ClCompile>
    <ClCompile Include="Game.cpp">
      <Filter>Source Files</Filter>
    </ClCompile>
    <ClCompile Include="GameObject.cpp">
      <Filter>Source Files</Filter>
    </ClCompile>
    <ClCompile Include="main.cpp">
      <Filter>Source Files</Filter>
    </ClCompile>
    <ClCompile Include="Sprites.cpp">
      <Filter>Source Files</Filter>
    </ClCompile>
    <ClCompile Include="Textures.cpp">
      <Filter>Source Files</Filter>
    </ClCompile>
    <ClCompile Include="Input.cpp">
      <Filter>Source Files</Filter>
    </ClCompile>
    <ClCompile Include="Scene.cpp">
      <Filter>Source Files</Filter>
    </ClCompile>
    <ClCompile Include="PlayScene.cpp">
      <Filter>Source Files</Filter>
    </ClCompile>
    <ClCompile Include="Utils.cpp">
      <Filter>Source Files</Filter>
    </ClCompile>
    <ClCompile Include="Animations.cpp">
      <Filter>Source Files</Filter>
    </ClCompile>
    <ClCompile Include="Candle.cpp">
      <Filter>Objects</Filter>
    </ClCompile>
    <ClCompile Include="Portal.cpp">
      <Filter>Objects</Filter>
    </ClCompile>
    <ClCompile Include="Simon.cpp">
      <Filter>Objects</Filter>
    </ClCompile>
    <ClCompile Include="Ground.cpp">
      <Filter>Objects</Filter>
    </ClCompile>
    <ClCompile Include="Whip.cpp">
      <Filter>Objects</Filter>
    </ClCompile>
    <ClCompile Include="Goomba.cpp">
      <Filter>Objects</Filter>
    </ClCompile>
    <ClCompile Include="Item.cpp">
      <Filter>Objects</Filter>
    </ClCompile>
    <ClCompile Include="Tilemap.cpp">
      <Filter>Objects</Filter>
    </ClCompile>
    <ClCompile Include="Weapon.cpp">
      <Filter>Objects</Filter>
    </ClCompile>
    <ClCompile Include="HeadUpDisplay.cpp">
      <Filter>Objects</Filter>
    </ClCompile>
    <ClCompile Include="DownStair.cpp">
      <Filter>Objects</Filter>
    </ClCompile>
    <ClCompile Include="UpStair.cpp">
      <Filter>Objects</Filter>
    </ClCompile>
    <ClCompile Include="BlackKnight.cpp">
      <Filter>Objects\Enemies</Filter>
    </ClCompile>
    <ClCompile Include="VampireBat.cpp">
      <Filter>Objects\Enemies</Filter>
    </ClCompile>
    <ClCompile Include="SmallCandle.cpp">
      <Filter>Objects</Filter>
    </ClCompile>
    <ClCompile Include="Elevator.cpp">
      <Filter>Objects</Filter>
    </ClCompile>
    <ClCompile Include="Ghost.cpp">
      <Filter>Objects\Enemies</Filter>
    </ClCompile>
    <ClCompile Include="Fleaman.cpp">
      <Filter>Objects\Enemies</Filter>
    </ClCompile>
    <ClCompile Include="Raven.cpp">
      <Filter>Objects\Enemies</Filter>
    </ClCompile>
    <ClCompile Include="Skeleton.cpp">
      <Filter>Objects\Enemies</Filter>
    </ClCompile>
    <ClCompile Include="Zombie.cpp">
      <Filter>Objects\Enemies</Filter>
    </ClCompile>
    <ClCompile Include="Boss.cpp">
      <Filter>Objects\Enemies</Filter>
    </ClCompile>
    <ClCompile Include="Cell.cpp">
      <Filter>Header Files\SpacePartitioning</Filter>
    </ClCompile>
    <ClCompile Include="Grid.cpp">
      <Filter>Header Files\SpacePartitioning</Filter>
    </ClCompile>
  </ItemGroup>
</Project>